
Microsoft Visual Studio Solution File, Format Version 12.00
# Visual Studio Version 17
VisualStudioVersion = 17.13.35919.96 d17.13
MinimumVisualStudioVersion = 10.0.40219.1
Project("{FAE04EC0-301F-11D3-BF4B-00C04F79EFBC}") = "test_server", "test_server\test_server.csproj", "{760AB308-93FB-4F52-BBDE-9C5E2A6D7027}"
EndProject
Global
	GlobalSection(SolutionConfigurationPlatforms) = preSolution
		Debug|Any CPU = Debug|Any CPU
		Release|Any CPU = Release|Any CPU
	EndGlobalSection
	GlobalSection(ProjectConfigurationPlatforms) = postSolution
		{760AB308-93FB-4F52-BBDE-9C5E2A6D7027}.Debug|Any CPU.ActiveCfg = Debug|Any CPU
		{760AB308-93FB-4F52-BBDE-9C5E2A6D7027}.Debug|Any CPU.Build.0 = Debug|Any CPU
		{760AB308-93FB-4F52-BBDE-9C5E2A6D7027}.Release|Any CPU.ActiveCfg = Release|Any CPU
		{760AB308-93FB-4F52-BBDE-9C5E2A6D7027}.Release|Any CPU.Build.0 = Release|Any CPU
	EndGlobalSection
	GlobalSection(SolutionProperties) = preSolution
		HideSolutionNode = FALSE
	EndGlobalSection
	GlobalSection(ExtensibilityGlobals) = postSolution
		SolutionGuid = {78F16CB1-0352-43C1-A340-014CB5F97E75}
	EndGlobalSection
EndGlobal
